
Microsoft Visual Studio Solution File, Format Version 12.00
# Visual Studio Version 17
VisualStudioVersion = 17.7.34031.279
MinimumVisualStudioVersion = 10.0.40219.1
Project("{FAE04EC0-301F-11D3-BF4B-00C04F79EFBC}") = "Game", "Game\Game.csproj", "{851721C4-B886-4120-9311-8C3A4CD58CA9}"
EndProject
Global
	GlobalSection(SolutionConfigurationPlatforms) = preSolution
		Debug|Any CPU = Debug|Any CPU
		Release|Any CPU = Release|Any CPU
	EndGlobalSection
	GlobalSection(ProjectConfigurationPlatforms) = postSolution
		{851721C4-B886-4120-9311-8C3A4CD58CA9}.Debug|Any CPU.ActiveCfg = Debug|Any CPU
		{851721C4-B886-4120-9311-8C3A4CD58CA9}.Debug|Any CPU.Build.0 = Debug|Any CPU
		{851721C4-B886-4120-9311-8C3A4CD58CA9}.Release|Any CPU.ActiveCfg = Release|Any CPU
		{851721C4-B886-4120-9311-8C3A4CD58CA9}.Release|Any CPU.Build.0 = Release|Any CPU
	EndGlobalSection
	GlobalSection(SolutionProperties) = preSolution
		HideSolutionNode = FALSE
	EndGlobalSection
	GlobalSection(ExtensibilityGlobals) = postSolution
		SolutionGuid = {310618A0-1135-4E46-9FEC-8F60BE2C862B}
	EndGlobalSection
EndGlobal
